{
  "name": "@metta/mt-vue-framework",
  "version": "1.0.5",
  "lockfileVersion": 1,
  "requires": true,
  "dependencies": {
    "axios": {
      "version": "0.19.0",
      "resolved": "https://registry.npmjs.org/axios/-/axios-0.19.0.tgz",
      "integrity": "sha512-1uvKqKQta3KBxIz14F2v06AEHZ/dIoeKfbTRkK1E5oqjDnuEerLmYTgJB5AiQZHJcljpg1TuRzdjDR06qNk0DQ==",
      "requires": {
        "follow-redirects": "1.5.10",
        "is-buffer": "^2.0.2"
      }
    },
    "debug": {
      "version": "3.1.0",
      "resolved": "https://registry.npmjs.org/debug/-/debug-3.1.0.tgz",
      "integrity": "sha512-OX8XqP7/1a9cqkxYw2yXss15f26NKWBpDXQd0/uK/KPqdQhxbPa994hnzjcE2VqQpDslf55723cKPUOGSmMY3g==",
      "requires": {
        "ms": "2.0.0"
      }
    },
    "filepond": {
      "version": "4.7.1",
      "resolved": "https://registry.npmjs.org/filepond/-/filepond-4.7.1.tgz",
      "integrity": "sha512-AxZBhsGS9QEJfbLiASUJMuS3hLhq/HbkKaJx1gKYCQ0lbs/OfciKKdeFbtAVKk0o9o6DcITw2C+QqFcTP1QBCg=="
    },
    "filepond-plugin-file-validate-type": {
      "version": "1.2.4",
      "resolved": "https://registry.npmjs.org/filepond-plugin-file-validate-type/-/filepond-plugin-file-validate-type-1.2.4.tgz",
      "integrity": "sha512-K1qD8mfahJoz2zRlWWvYoHuy4k/8tHggsoGbm/blpTp63OyahOdJBzMN3VK7USYn5OZ58uOFdMTMyi8ibFpW/Q=="
    },
    "filepond-plugin-image-preview": {
      "version": "4.4.0",
      "resolved": "https://registry.npmjs.org/filepond-plugin-image-preview/-/filepond-plugin-image-preview-4.4.0.tgz",
      "integrity": "sha512-Kx0Sg9+0ob9mbLyyLZWoo9htVzLiiZQzGgqse8NJp9YeQWPiRwkfloHyzw5eAgvtsM3geXJG6QKfi09u/aEVFg=="
    },
    "follow-redirects": {
      "version": "1.5.10",
      "resolved": "https://registry.npmjs.org/follow-redirects/-/follow-redirects-1.5.10.tgz",
      "integrity": "sha512-0V5l4Cizzvqt5D44aTXbFZz+FtyXV1vrDN6qrelxtfYQKW0KO0W2T/hkE8xvGa/540LkZlkaUjO4ailYTFtHVQ==",
      "requires": {
        "debug": "=3.1.0"
      }
    },
    "inputmask": {
      "version": "4.0.8",
      "resolved": "https://registry.npmjs.org/inputmask/-/inputmask-4.0.8.tgz",
      "integrity": "sha512-y7TbHasd4tGgOxk1PBF6zZLBzfKt3a5qySF3KuKVNaeuptDpp52jhYOmw1tBJwRxrpJ4s+BOFmWKYsQqjp+r/w=="
    },
    "is-buffer": {
      "version": "2.0.3",
      "resolved": "https://registry.npmjs.org/is-buffer/-/is-buffer-2.0.3.tgz",
      "integrity": "sha512-U15Q7MXTuZlrbymiz95PJpZxu8IlipAp4dtS3wOdgPXx3mqBnslrWU14kxfHB+Py/+2PVKSr37dMAgM2A4uArw=="
    },
    "is-json": {
      "version": "2.0.1",
      "resolved": "https://registry.npmjs.org/is-json/-/is-json-2.0.1.tgz",
      "integrity": "sha1-a+Fm0USCihMdaGiRuYPfYsOUkf8="
    },
    "moment": {
      "version": "2.24.0",
      "resolved": "https://registry.npmjs.org/moment/-/moment-2.24.0.tgz",
      "integrity": "sha512-bV7f+6l2QigeBBZSM/6yTNq4P2fNpSWj/0e7jQcy87A8e7o2nAfP/34/2ky5Vw4B9S446EtIhodAzkFCcR4dQg=="
    },
    "ms": {
      "version": "2.0.0",
      "resolved": "https://registry.npmjs.org/ms/-/ms-2.0.0.tgz",
      "integrity": "sha1-VgiurfwAvmwpAd9fmGF4jeDVl8g="
    },
    "vue-filepond": {
      "version": "5.1.3",
      "resolved": "https://registry.npmjs.org/vue-filepond/-/vue-filepond-5.1.3.tgz",
      "integrity": "sha512-XUq92twmXwUzKQZw43dMQyRrOZSqvipzSGMY1Km+UNZwQcV5fqvzymtc3JpsLbAdYMkxK1xtmyulJ4Xs7BnrzA=="
    },
    "vue-loading-overlay": {
      "version": "3.2.0",
      "resolved": "https://registry.npmjs.org/vue-loading-overlay/-/vue-loading-overlay-3.2.0.tgz",
      "integrity": "sha512-QBHa+vwcQ3k3oKp4pucP7RHWHSQvgVWFlDFqSaXLu+kCuEv1PZCoerAo1T04enF5y9yMFCqh7L9ChrWHy7HYvA=="
    },
    "vuetify-dialog": {
      "version": "1.0.0-alpha.1",
      "resolved": "https://registry.npmjs.org/vuetify-dialog/-/vuetify-dialog-1.0.0-alpha.1.tgz",
      "integrity": "sha512-J7OAY+3qzkhOo0dNjSwHxJOjfctustkQpWLk5msj12rNF0uE02aP8gZXgaTMl+mrrab4BGstCFQgV/LqGAHw2A=="
    }
  }
}
