{
  "name": "@metta/mt-vue-framework",
  "version": "1.4.2",
  "lockfileVersion": 1,
  "requires": true,
  "dependencies": {
    "axios": {
      "version": "0.21.1",
      "resolved": "https://registry.npmjs.org/axios/-/axios-0.21.1.tgz",
      "integrity": "sha512-dKQiRHxGD9PPRIUNIWvZhPTPpl1rf/OxTYKsqKUDjBwYylTvV7SjSHJb9ratfyzM6wCdLCOYLzs73qpg5c4iGA==",
      "requires": {
        "follow-redirects": "^1.10.0"
      }
    },
    "filepond": {
      "version": "4.7.1",
      "resolved": "https://registry.npmjs.org/filepond/-/filepond-4.7.1.tgz",
      "integrity": "sha512-AxZBhsGS9QEJfbLiASUJMuS3hLhq/HbkKaJx1gKYCQ0lbs/OfciKKdeFbtAVKk0o9o6DcITw2C+QqFcTP1QBCg=="
    },
    "filepond-plugin-file-validate-type": {
      "version": "1.2.4",
      "resolved": "https://registry.npmjs.org/filepond-plugin-file-validate-type/-/filepond-plugin-file-validate-type-1.2.4.tgz",
      "integrity": "sha512-K1qD8mfahJoz2zRlWWvYoHuy4k/8tHggsoGbm/blpTp63OyahOdJBzMN3VK7USYn5OZ58uOFdMTMyi8ibFpW/Q=="
    },
    "filepond-plugin-image-preview": {
      "version": "4.4.0",
      "resolved": "https://registry.npmjs.org/filepond-plugin-image-preview/-/filepond-plugin-image-preview-4.4.0.tgz",
      "integrity": "sha512-Kx0Sg9+0ob9mbLyyLZWoo9htVzLiiZQzGgqse8NJp9YeQWPiRwkfloHyzw5eAgvtsM3geXJG6QKfi09u/aEVFg=="
    },
    "follow-redirects": {
      "version": "1.13.1",
      "resolved": "https://registry.npmjs.org/follow-redirects/-/follow-redirects-1.13.1.tgz",
      "integrity": "sha512-SSG5xmZh1mkPGyKzjZP8zLjltIfpW32Y5QpdNJyjcfGxK3qo3NDDkZOZSFiGn1A6SclQxY9GzEwAHQ3dmYRWpg=="
    },
    "inputmask": {
      "version": "4.0.9",
      "resolved": "https://registry.npmjs.org/inputmask/-/inputmask-4.0.9.tgz",
      "integrity": "sha512-EodaYhJKncXRBwvCE8YrRmAFmBJ6bWdgX4Qw8QSnK5GBDXE03jgpJhrS+a2N0v2Zsgp+OjKXy7qACktjYD83Uw=="
    },
    "is-json": {
      "version": "2.0.1",
      "resolved": "https://registry.npmjs.org/is-json/-/is-json-2.0.1.tgz",
      "integrity": "sha1-a+Fm0USCihMdaGiRuYPfYsOUkf8="
    },
    "moment": {
      "version": "2.24.0",
      "resolved": "https://registry.npmjs.org/moment/-/moment-2.24.0.tgz",
      "integrity": "sha512-bV7f+6l2QigeBBZSM/6yTNq4P2fNpSWj/0e7jQcy87A8e7o2nAfP/34/2ky5Vw4B9S446EtIhodAzkFCcR4dQg=="
    },
    "vue-filepond": {
      "version": "5.1.3",
      "resolved": "https://registry.npmjs.org/vue-filepond/-/vue-filepond-5.1.3.tgz",
      "integrity": "sha512-XUq92twmXwUzKQZw43dMQyRrOZSqvipzSGMY1Km+UNZwQcV5fqvzymtc3JpsLbAdYMkxK1xtmyulJ4Xs7BnrzA=="
    },
    "vue-loading-overlay": {
      "version": "3.2.0",
      "resolved": "https://registry.npmjs.org/vue-loading-overlay/-/vue-loading-overlay-3.2.0.tgz",
      "integrity": "sha512-QBHa+vwcQ3k3oKp4pucP7RHWHSQvgVWFlDFqSaXLu+kCuEv1PZCoerAo1T04enF5y9yMFCqh7L9ChrWHy7HYvA=="
    },
    "vuetify-dialog": {
      "version": "1.0.0-alpha.1",
      "resolved": "https://registry.npmjs.org/vuetify-dialog/-/vuetify-dialog-1.0.0-alpha.1.tgz",
      "integrity": "sha512-J7OAY+3qzkhOo0dNjSwHxJOjfctustkQpWLk5msj12rNF0uE02aP8gZXgaTMl+mrrab4BGstCFQgV/LqGAHw2A=="
    }
  }
}
